
Microsoft Visual Studio Solution File, Format Version 12.00
# Visual Studio Version 17
VisualStudioVersion = 17.1.32210.238
MinimumVisualStudioVersion = 10.0.40219.1
Project("{FAE04EC0-301F-11D3-BF4B-00C04F79EFBC}") = "ClassLibrary1", "ClassLibrary1.csproj", "{B0B6AEB8-88E8-4A43-9433-798110DF8CF8}"
EndProject
Project("{FAE04EC0-301F-11D3-BF4B-00C04F79EFBC}") = "Sistema", "..\Sistema\Sistema.csproj", "{55263D75-A9C1-476A-A8A2-A04622B4B6A5}"
EndProject
Global
	GlobalSection(SolutionConfigurationPlatforms) = preSolution
		Debug|Any CPU = Debug|Any CPU
		Release|Any CPU = Release|Any CPU
	EndGlobalSection
	GlobalSection(ProjectConfigurationPlatforms) = postSolution
		{B0B6AEB8-88E8-4A43-9433-798110DF8CF8}.Debug|Any CPU.ActiveCfg = Debug|Any CPU
		{B0B6AEB8-88E8-4A43-9433-798110DF8CF8}.Debug|Any CPU.Build.0 = Debug|Any CPU
		{B0B6AEB8-88E8-4A43-9433-798110DF8CF8}.Release|Any CPU.ActiveCfg = Release|Any CPU
		{B0B6AEB8-88E8-4A43-9433-798110DF8CF8}.Release|Any CPU.Build.0 = Release|Any CPU
		{55263D75-A9C1-476A-A8A2-A04622B4B6A5}.Debug|Any CPU.ActiveCfg = Debug|Any CPU
		{55263D75-A9C1-476A-A8A2-A04622B4B6A5}.Debug|Any CPU.Build.0 = Debug|Any CPU
		{55263D75-A9C1-476A-A8A2-A04622B4B6A5}.Release|Any CPU.ActiveCfg = Release|Any CPU
		{55263D75-A9C1-476A-A8A2-A04622B4B6A5}.Release|Any CPU.Build.0 = Release|Any CPU
	EndGlobalSection
	GlobalSection(SolutionProperties) = preSolution
		HideSolutionNode = FALSE
	EndGlobalSection
	GlobalSection(ExtensibilityGlobals) = postSolution
		SolutionGuid = {75EA03A8-9443-4236-8F6B-DFCC6ABE1319}
	EndGlobalSection
EndGlobal
