
Microsoft Visual Studio Solution File, Format Version 12.00
# Visual Studio Version 17
VisualStudioVersion = 17.1.32210.238
MinimumVisualStudioVersion = 10.0.40219.1
Project("{FAE04EC0-301F-11D3-BF4B-00C04F79EFBC}") = "exercicio", "exercicio.csproj", "{19AEC9CB-1ABE-4739-91E6-20EFE1CBDCBA}"
EndProject
Project("{FAE04EC0-301F-11D3-BF4B-00C04F79EFBC}") = "Sistema", "..\Sistema\Sistema.csproj", "{49C010A5-7826-4323-936C-EB1046E1257F}"
EndProject
Global
	GlobalSection(SolutionConfigurationPlatforms) = preSolution
		Debug|Any CPU = Debug|Any CPU
		Release|Any CPU = Release|Any CPU
	EndGlobalSection
	GlobalSection(ProjectConfigurationPlatforms) = postSolution
		{19AEC9CB-1ABE-4739-91E6-20EFE1CBDCBA}.Debug|Any CPU.ActiveCfg = Debug|Any CPU
		{19AEC9CB-1ABE-4739-91E6-20EFE1CBDCBA}.Debug|Any CPU.Build.0 = Debug|Any CPU
		{19AEC9CB-1ABE-4739-91E6-20EFE1CBDCBA}.Release|Any CPU.ActiveCfg = Release|Any CPU
		{19AEC9CB-1ABE-4739-91E6-20EFE1CBDCBA}.Release|Any CPU.Build.0 = Release|Any CPU
		{49C010A5-7826-4323-936C-EB1046E1257F}.Debug|Any CPU.ActiveCfg = Debug|Any CPU
		{49C010A5-7826-4323-936C-EB1046E1257F}.Debug|Any CPU.Build.0 = Debug|Any CPU
		{49C010A5-7826-4323-936C-EB1046E1257F}.Release|Any CPU.ActiveCfg = Release|Any CPU
		{49C010A5-7826-4323-936C-EB1046E1257F}.Release|Any CPU.Build.0 = Release|Any CPU
	EndGlobalSection
	GlobalSection(SolutionProperties) = preSolution
		HideSolutionNode = FALSE
	EndGlobalSection
	GlobalSection(ExtensibilityGlobals) = postSolution
		SolutionGuid = {8A37BBE4-3F83-482C-9EB6-EBF281E2EAC8}
	EndGlobalSection
EndGlobal
