
Microsoft Visual Studio Solution File, Format Version 12.00
# Visual Studio Version 17
VisualStudioVersion = 17.1.32210.238
MinimumVisualStudioVersion = 10.0.40219.1
Project("{FAE04EC0-301F-11D3-BF4B-00C04F79EFBC}") = "Exercicio4", "Exercicio4.csproj", "{FE5D3A44-616C-4E1A-93B8-F4C15E342AD9}"
EndProject
Project("{FAE04EC0-301F-11D3-BF4B-00C04F79EFBC}") = "Sistema", "..\Sistema\Sistema.csproj", "{42A3FF08-8C04-4B6C-ACE3-BFC10612580A}"
EndProject
Global
	GlobalSection(SolutionConfigurationPlatforms) = preSolution
		Debug|Any CPU = Debug|Any CPU
		Release|Any CPU = Release|Any CPU
	EndGlobalSection
	GlobalSection(ProjectConfigurationPlatforms) = postSolution
		{FE5D3A44-616C-4E1A-93B8-F4C15E342AD9}.Debug|Any CPU.ActiveCfg = Debug|Any CPU
		{FE5D3A44-616C-4E1A-93B8-F4C15E342AD9}.Debug|Any CPU.Build.0 = Debug|Any CPU
		{FE5D3A44-616C-4E1A-93B8-F4C15E342AD9}.Release|Any CPU.ActiveCfg = Release|Any CPU
		{FE5D3A44-616C-4E1A-93B8-F4C15E342AD9}.Release|Any CPU.Build.0 = Release|Any CPU
		{42A3FF08-8C04-4B6C-ACE3-BFC10612580A}.Debug|Any CPU.ActiveCfg = Debug|Any CPU
		{42A3FF08-8C04-4B6C-ACE3-BFC10612580A}.Debug|Any CPU.Build.0 = Debug|Any CPU
		{42A3FF08-8C04-4B6C-ACE3-BFC10612580A}.Release|Any CPU.ActiveCfg = Release|Any CPU
		{42A3FF08-8C04-4B6C-ACE3-BFC10612580A}.Release|Any CPU.Build.0 = Release|Any CPU
	EndGlobalSection
	GlobalSection(SolutionProperties) = preSolution
		HideSolutionNode = FALSE
	EndGlobalSection
	GlobalSection(ExtensibilityGlobals) = postSolution
		SolutionGuid = {96079947-EBB4-4AC2-9367-DF0CFF7D72A9}
	EndGlobalSection
EndGlobal
